
Microsoft Visual Studio Solution File, Format Version 12.00
# Visual Studio Version 16
VisualStudioVersion = 16.0.31727.386
MinimumVisualStudioVersion = 10.0.40219.1
Project("{FAE04EC0-301F-11D3-BF4B-00C04F79EFBC}") = "ProgramAngajati", "ProgramAngajati.csproj", "{3F4CECFC-3473-440D-A793-8653FEB16D2A}"
EndProject
Project("{FAE04EC0-301F-11D3-BF4B-00C04F79EFBC}") = "PizzeriaModel", "..\PizzeriaModel\PizzeriaModel.csproj", "{604B3B10-5C56-44C7-95A5-57ACBD9869C7}"
EndProject
Global
	GlobalSection(SolutionConfigurationPlatforms) = preSolution
		Debug|Any CPU = Debug|Any CPU
		Release|Any CPU = Release|Any CPU
	EndGlobalSection
	GlobalSection(ProjectConfigurationPlatforms) = postSolution
		{3F4CECFC-3473-440D-A793-8653FEB16D2A}.Debug|Any CPU.ActiveCfg = Debug|Any CPU
		{3F4CECFC-3473-440D-A793-8653FEB16D2A}.Debug|Any CPU.Build.0 = Debug|Any CPU
		{3F4CECFC-3473-440D-A793-8653FEB16D2A}.Release|Any CPU.ActiveCfg = Release|Any CPU
		{3F4CECFC-3473-440D-A793-8653FEB16D2A}.Release|Any CPU.Build.0 = Release|Any CPU
		{604B3B10-5C56-44C7-95A5-57ACBD9869C7}.Debug|Any CPU.ActiveCfg = Debug|Any CPU
		{604B3B10-5C56-44C7-95A5-57ACBD9869C7}.Debug|Any CPU.Build.0 = Debug|Any CPU
		{604B3B10-5C56-44C7-95A5-57ACBD9869C7}.Release|Any CPU.ActiveCfg = Release|Any CPU
		{604B3B10-5C56-44C7-95A5-57ACBD9869C7}.Release|Any CPU.Build.0 = Release|Any CPU
	EndGlobalSection
	GlobalSection(SolutionProperties) = preSolution
		HideSolutionNode = FALSE
	EndGlobalSection
	GlobalSection(ExtensibilityGlobals) = postSolution
		SolutionGuid = {02948583-1E30-42AF-BC45-238E3503062D}
	EndGlobalSection
EndGlobal
